# THIS IS AN AUTOGENERATED FILE. DO NOT EDIT THIS FILE DIRECTLY.
# yarn lockfile v1


eslint-plugin-react-refresh@^0.4.1:
  version "0.4.1"
  resolved "https://registry.yarnpkg.com/eslint-plugin-react-refresh/-/eslint-plugin-react-refresh-0.4.1.tgz#e61a1ee4e06180f07ab753fa6fd173b4d8df95ec"
  integrity sha512-QgrvtRJkmV+m4w953LS146+6RwEe5waouubFVNLBfOjXJf6MLczjymO8fOcKj9jMS8aKkTCMJqiPu2WEeFI99A==
